// !$*UTF8*$!
{
	archiveVersion = 1;
	classes = {
	};
	objectVersion = 50;
	objects = {

/* Begin PBXBuildFile section */
		D998FA65231D3C4F00E24281 /* AppDelegate.swift in Sources */ = {isa = PBXBuildFile; fileRef = D998FA64231D3C4F00E24281 /* AppDelegate.swift */; };
		D998FA67231D3C4F00E24281 /* MovieList.swift in Sources */ = {isa = PBXBuildFile; fileRef = D998FA66231D3C4F00E24281 /* MovieList.swift */; };
		D998FA6A231D3C4F00E24281 /* Main.storyboard in Resources */ = {isa = PBXBuildFile; fileRef = D998FA68231D3C4F00E24281 /* Main.storyboard */; };
		D998FA6C231D3C5000E24281 /* Assets.xcassets in Resources */ = {isa = PBXBuildFile; fileRef = D998FA6B231D3C5000E24281 /* Assets.xcassets */; };
		D998FA6F231D3C5000E24281 /* LaunchScreen.storyboard in Resources */ = {isa = PBXBuildFile; fileRef = D998FA6D231D3C5000E24281 /* LaunchScreen.storyboard */; };
		D998FA7D231D82AD00E24281 /* MovieTableViewCell.swift in Sources */ = {isa = PBXBuildFile; fileRef = D998FA7C231D82AD00E24281 /* MovieTableViewCell.swift */; };
		D998FA80231D833500E24281 /* APIList.swift in Sources */ = {isa = PBXBuildFile; fileRef = D998FA7F231D833500E24281 /* APIList.swift */; };
		D998FA82231D834000E24281 /* APIService.swift in Sources */ = {isa = PBXBuildFile; fileRef = D998FA81231D834000E24281 /* APIService.swift */; };
		D998FA84231D84D600E24281 /* MovieListVM.swift in Sources */ = {isa = PBXBuildFile; fileRef = D998FA83231D84D600E24281 /* MovieListVM.swift */; };
		D998FA86231D86E100E24281 /* Movie.swift in Sources */ = {isa = PBXBuildFile; fileRef = D998FA85231D86E100E24281 /* Movie.swift */; };
/* End PBXBuildFile section */

/* Begin PBXFileReference section */
		D998FA61231D3C4F00E24281 /* TheMovieApp.app */ = {isa = PBXFileReference; explicitFileType = wrapper.application; includeInIndex = 0; path = TheMovieApp.app; sourceTree = BUILT_PRODUCTS_DIR; };
		D998FA64231D3C4F00E24281 /* AppDelegate.swift */ = {isa = PBXFileReference; lastKnownFileType = sourcecode.swift; path = AppDelegate.swift; sourceTree = "<group>"; };
		D998FA66231D3C4F00E24281 /* MovieList.swift */ = {isa = PBXFileReference; lastKnownFileType = sourcecode.swift; path = MovieList.swift; sourceTree = "<group>"; };
		D998FA69231D3C4F00E24281 /* Base */ = {isa = PBXFileReference; lastKnownFileType = file.storyboard; name = Base; path = Base.lproj/Main.storyboard; sourceTree = "<group>"; };
		D998FA6B231D3C5000E24281 /* Assets.xcassets */ = {isa = PBXFileReference; lastKnownFileType = folder.assetcatalog; path = Assets.xcassets; sourceTree = "<group>"; };
		D998FA6E231D3C5000E24281 /* Base */ = {isa = PBXFileReference; lastKnownFileType = file.storyboard; name = Base; path = Base.lproj/LaunchScreen.storyboard; sourceTree = "<group>"; };
		D998FA70231D3C5000E24281 /* Info.plist */ = {isa = PBXFileReference; lastKnownFileType = text.plist.xml; path = Info.plist; sourceTree = "<group>"; };
		D998FA7C231D82AD00E24281 /* MovieTableViewCell.swift */ = {isa = PBXFileReference; lastKnownFileType = sourcecode.swift; path = MovieTableViewCell.swift; sourceTree = "<group>"; };
		D998FA7F231D833500E24281 /* APIList.swift */ = {isa = PBXFileReference; lastKnownFileType = sourcecode.swift; path = APIList.swift; sourceTree = "<group>"; };
		D998FA81231D834000E24281 /* APIService.swift */ = {isa = PBXFileReference; lastKnownFileType = sourcecode.swift; path = APIService.swift; sourceTree = "<group>"; };
		D998FA83231D84D600E24281 /* MovieListVM.swift */ = {isa = PBXFileReference; lastKnownFileType = sourcecode.swift; path = MovieListVM.swift; sourceTree = "<group>"; };
		D998FA85231D86E100E24281 /* Movie.swift */ = {isa = PBXFileReference; lastKnownFileType = sourcecode.swift; path = Movie.swift; sourceTree = "<group>"; };
/* End PBXFileReference section */

/* Begin PBXFrameworksBuildPhase section */
		D998FA5E231D3C4F00E24281 /* Frameworks */ = {
			isa = PBXFrameworksBuildPhase;
			buildActionMask = 2147483647;
			files = (
			);
			runOnlyForDeploymentPostprocessing = 0;
		};
/* End PBXFrameworksBuildPhase section */

/* Begin PBXGroup section */
		D998FA58231D3C4F00E24281 = {
			isa = PBXGroup;
			children = (
				D998FA63231D3C4F00E24281 /* TheMovieApp */,
				D998FA62231D3C4F00E24281 /* Products */,
			);
			sourceTree = "<group>";
		};
		D998FA62231D3C4F00E24281 /* Products */ = {
			isa = PBXGroup;
			children = (
				D998FA61231D3C4F00E24281 /* TheMovieApp.app */,
			);
			name = Products;
			sourceTree = "<group>";
		};
		D998FA63231D3C4F00E24281 /* TheMovieApp */ = {
			isa = PBXGroup;
			children = (
				D998FA7E231D831B00E24281 /* APIService */,
				D998FA7B231D825600E24281 /* Model */,
				D998FA7A231D824C00E24281 /* ViewModel */,
				D998FA79231D824500E24281 /* View */,
				D998FA78231D817100E24281 /* Controller */,
				D998FA64231D3C4F00E24281 /* AppDelegate.swift */,
				D998FA68231D3C4F00E24281 /* Main.storyboard */,
				D998FA6B231D3C5000E24281 /* Assets.xcassets */,
				D998FA6D231D3C5000E24281 /* LaunchScreen.storyboard */,
				D998FA70231D3C5000E24281 /* Info.plist */,
			);
			path = TheMovieApp;
			sourceTree = "<group>";
		};
		D998FA78231D817100E24281 /* Controller */ = {
			isa = PBXGroup;
			children = (
				D998FA66231D3C4F00E24281 /* MovieList.swift */,
			);
			path = Controller;
			sourceTree = "<group>";
		};
		D998FA79231D824500E24281 /* View */ = {
			isa = PBXGroup;
			children = (
				D998FA7C231D82AD00E24281 /* MovieTableViewCell.swift */,
			);
			path = View;
			sourceTree = "<group>";
		};
		D998FA7A231D824C00E24281 /* ViewModel */ = {
			isa = PBXGroup;
			children = (
				D998FA83231D84D600E24281 /* MovieListVM.swift */,
			);
			path = ViewModel;
			sourceTree = "<group>";
		};
		D998FA7B231D825600E24281 /* Model */ = {
			isa = PBXGroup;
			children = (
				D998FA85231D86E100E24281 /* Movie.swift */,
			);
			path = Model;
			sourceTree = "<group>";
		};
		D998FA7E231D831B00E24281 /* APIService */ = {
			isa = PBXGroup;
			children = (
				D998FA7F231D833500E24281 /* APIList.swift */,
				D998FA81231D834000E24281 /* APIService.swift */,
			);
			path = APIService;
			sourceTree = "<group>";
		};
/* End PBXGroup section */

/* Begin PBXNativeTarget section */
		D998FA60231D3C4F00E24281 /* TheMovieApp */ = {
			isa = PBXNativeTarget;
			buildConfigurationList = D998FA73231D3C5000E24281 /* Build configuration list for PBXNativeTarget "TheMovieApp" */;
			buildPhases = (
				D998FA5D231D3C4F00E24281 /* Sources */,
				D998FA5E231D3C4F00E24281 /* Frameworks */,
				D998FA5F231D3C4F00E24281 /* Resources */,
			);
			buildRules = (
			);
			dependencies = (
			);
			name = TheMovieApp;
			productName = TheMovieApp;
			productReference = D998FA61231D3C4F00E24281 /* TheMovieApp.app */;
			productType = "com.apple.product-type.application";
		};
/* End PBXNativeTarget section */

/* Begin PBXProject section */
		D998FA59231D3C4F00E24281 /* Project object */ = {
			isa = PBXProject;
			attributes = {
				LastSwiftUpdateCheck = 1020;
				LastUpgradeCheck = 1020;
				ORGANIZATIONNAME = "Swati Wadhera";
				TargetAttributes = {
					D998FA60231D3C4F00E24281 = {
						CreatedOnToolsVersion = 10.2.1;
					};
				};
			};
			buildConfigurationList = D998FA5C231D3C4F00E24281 /* Build configuration list for PBXProject "TheMovieApp" */;
			compatibilityVersion = "Xcode 9.3";
			developmentRegion = en;
			hasScannedForEncodings = 0;
			knownRegions = (
				en,
				Base,
			);
			mainGroup = D998FA58231D3C4F00E24281;
			productRefGroup = D998FA62231D3C4F00E24281 /* Products */;
			projectDirPath = "";
			projectRoot = "";
			targets = (
				D998FA60231D3C4F00E24281 /* TheMovieApp */,
			);
		};
/* End PBXProject section */

/* Begin PBXResourcesBuildPhase section */
		D998FA5F231D3C4F00E24281 /* Resources */ = {
			isa = PBXResourcesBuildPhase;
			buildActionMask = 2147483647;
			files = (
				D998FA6F231D3C5000E24281 /* LaunchScreen.storyboard in Resources */,
				D998FA6C231D3C5000E24281 /* Assets.xcassets in Resources */,
				D998FA6A231D3C4F00E24281 /* Main.storyboard in Resources */,
			);
			runOnlyForDeploymentPostprocessing = 0;
		};
/* End PBXResourcesBuildPhase section */

/* Begin PBXSourcesBuildPhase section */
		D998FA5D231D3C4F00E24281 /* Sources */ = {
			isa = PBXSourcesBuildPhase;
			buildActionMask = 2147483647;
			files = (
				D998FA86231D86E100E24281 /* Movie.swift in Sources */,
				D998FA67231D3C4F00E24281 /* MovieList.swift in Sources */,
				D998FA82231D834000E24281 /* APIService.swift in Sources */,
				D998FA65231D3C4F00E24281 /* AppDelegate.swift in Sources */,
				D998FA80231D833500E24281 /* APIList.swift in Sources */,
				D998FA7D231D82AD00E24281 /* MovieTableViewCell.swift in Sources */,
				D998FA84231D84D600E24281 /* MovieListVM.swift in Sources */,
			);
			runOnlyForDeploymentPostprocessing = 0;
		};
/* End PBXSourcesBuildPhase section */

/* Begin PBXVariantGroup section */
		D998FA68231D3C4F00E24281 /* Main.storyboard */ = {
			isa = PBXVariantGroup;
			children = (
				D998FA69231D3C4F00E24281 /* Base */,
			);
			name = Main.storyboard;
			sourceTree = "<group>";
		};
		D998FA6D231D3C5000E24281 /* LaunchScreen.storyboard */ = {
			isa = PBXVariantGroup;
			children = (
				D998FA6E231D3C5000E24281 /* Base */,
			);
			name = LaunchScreen.storyboard;
			sourceTree = "<group>";
		};
/* End PBXVariantGroup section */

/* Begin XCBuildConfiguration section */
		D998FA71231D3C5000E24281 /* Debug */ = {
			isa = XCBuildConfiguration;
			buildSettings = {
				ALWAYS_SEARCH_USER_PATHS = NO;
				CLANG_ANALYZER_NONNULL = YES;
				CLANG_ANALYZER_NUMBER_OBJECT_CONVERSION = YES_AGGRESSIVE;
				CLANG_CXX_LANGUAGE_STANDARD = "gnu++14";
				CLANG_CXX_LIBRARY = "libc++";
				CLANG_ENABLE_MODULES = YES;
				CLANG_ENABLE_OBJC_ARC = YES;
				CLANG_ENABLE_OBJC_WEAK = YES;
				CLANG_WARN_BLOCK_CAPTURE_AUTORELEASING = YES;
				CLANG_WARN_BOOL_CONVERSION = YES;
				CLANG_WARN_COMMA = YES;
				CLANG_WARN_CONSTANT_CONVERSION = YES;
				CLANG_WARN_DEPRECATED_OBJC_IMPLEMENTATIONS = YES;
				CLANG_WARN_DIRECT_OBJC_ISA_USAGE = YES_ERROR;
				CLANG_WARN_DOCUMENTATION_COMMENTS = YES;
				CLANG_WARN_EMPTY_BODY = YES;
				CLANG_WARN_ENUM_CONVERSION = YES;
				CLANG_WARN_INFINITE_RECURSION = YES;
				CLANG_WARN_INT_CONVERSION = YES;
				CLANG_WARN_NON_LITERAL_NULL_CONVERSION = YES;
				CLANG_WARN_OBJC_IMPLICIT_RETAIN_SELF = YES;
				CLANG_WARN_OBJC_LITERAL_CONVERSION = YES;
				CLANG_WARN_OBJC_ROOT_CLASS = YES_ERROR;
				CLANG_WARN_RANGE_LOOP_ANALYSIS = YES;
				CLANG_WARN_STRICT_PROTOTYPES = YES;
				CLANG_WARN_SUSPICIOUS_MOVE = YES;
				CLANG_WARN_UNGUARDED_AVAILABILITY = YES_AGGRESSIVE;
				CLANG_WARN_UNREACHABLE_CODE = YES;
				CLANG_WARN__DUPLICATE_METHOD_MATCH = YES;
				CODE_SIGN_IDENTITY = "iPhone Developer";
				COPY_PHASE_STRIP = NO;
				DEBUG_INFORMATION_FORMAT = dwarf;
				ENABLE_STRICT_OBJC_MSGSEND = YES;
				ENABLE_TESTABILITY = YES;
				GCC_C_LANGUAGE_STANDARD = gnu11;
				GCC_DYNAMIC_NO_PIC = NO;
				GCC_NO_COMMON_BLOCKS = YES;
				GCC_OPTIMIZATION_LEVEL = 0;
				GCC_PREPROCESSOR_DEFINITIONS = (
					"DEBUG=1",
					"$(inherited)",
				);
				GCC_WARN_64_TO_32_BIT_CONVERSION = YES;
				GCC_WARN_ABOUT_RETURN_TYPE = YES_ERROR;
				GCC_WARN_UNDECLARED_SELECTOR = YES;
				GCC_WARN_UNINITIALIZED_AUTOS = YES_AGGRESSIVE;
				GCC_WARN_UNUSED_FUNCTION = YES;
				GCC_WARN_UNUSED_VARIABLE = YES;
				IPHONEOS_DEPLOYMENT_TARGET = 12.2;
				MTL_ENABLE_DEBUG_INFO = INCLUDE_SOURCE;
				MTL_FAST_MATH = YES;
				ONLY_ACTIVE_ARCH = YES;
				SDKROOT = iphoneos;
				SWIFT_ACTIVE_COMPILATION_CONDITIONS = DEBUG;
				SWIFT_OPTIMIZATION_LEVEL = "-Onone";
			};
			name = Debug;
		};
		D998FA72231D3C5000E24281 /* Release */ = {
			isa = XCBuildConfiguration;
			buildSettings = {
				ALWAYS_SEARCH_USER_PATHS = NO;
				CLANG_ANALYZER_NONNULL = YES;
				CLANG_ANALYZER_NUMBER_OBJECT_CONVERSION = YES_AGGRESSIVE;
				CLANG_CXX_LANGUAGE_STANDARD = "gnu++14";
				CLANG_CXX_LIBRARY = "libc++";
				CLANG_ENABLE_MODULES = YES;
				CLANG_ENABLE_OBJC_ARC = YES;
				CLANG_ENABLE_OBJC_WEAK = YES;
				CLANG_WARN_BLOCK_CAPTURE_AUTORELEASING = YES;
				CLANG_WARN_BOOL_CONVERSION = YES;
				CLANG_WARN_COMMA = YES;
				CLANG_WARN_CONSTANT_CONVERSION = YES;
				CLANG_WARN_DEPRECATED_OBJC_IMPLEMENTATIONS = YES;
				CLANG_WARN_DIRECT_OBJC_ISA_USAGE = YES_ERROR;
				CLANG_WARN_DOCUMENTATION_COMMENTS = YES;
				CLANG_WARN_EMPTY_BODY = YES;
				CLANG_WARN_ENUM_CONVERSION = YES;
				CLANG_WARN_INFINITE_RECURSION = YES;
				CLANG_WARN_INT_CONVERSION = YES;
				CLANG_WARN_NON_LITERAL_NULL_CONVERSION = YES;
				CLANG_WARN_OBJC_IMPLICIT_RETAIN_SELF = YES;
				CLANG_WARN_OBJC_LITERAL_CONVERSION = YES;
				CLANG_WARN_OBJC_ROOT_CLASS = YES_ERROR;
				CLANG_WARN_RANGE_LOOP_ANALYSIS = YES;
				CLANG_WARN_STRICT_PROTOTYPES = YES;
				CLANG_WARN_SUSPICIOUS_MOVE = YES;
				CLANG_WARN_UNGUARDED_AVAILABILITY = YES_AGGRESSIVE;
				CLANG_WARN_UNREACHABLE_CODE = YES;
				CLANG_WARN__DUPLICATE_METHOD_MATCH = YES;
				CODE_SIGN_IDENTITY = "iPhone Developer";
				COPY_PHASE_STRIP = NO;
				DEBUG_INFORMATION_FORMAT = "dwarf-with-dsym";
				ENABLE_NS_ASSERTIONS = NO;
				ENABLE_STRICT_OBJC_MSGSEND = YES;
				GCC_C_LANGUAGE_STANDARD = gnu11;
				GCC_NO_COMMON_BLOCKS = YES;
				GCC_WARN_64_TO_32_BIT_CONVERSION = YES;
				GCC_WARN_ABOUT_RETURN_TYPE = YES_ERROR;
				GCC_WARN_UNDECLARED_SELECTOR = YES;
				GCC_WARN_UNINITIALIZED_AUTOS = YES_AGGRESSIVE;
				GCC_WARN_UNUSED_FUNCTION = YES;
				GCC_WARN_UNUSED_VARIABLE = YES;
				IPHONEOS_DEPLOYMENT_TARGET = 12.2;
				MTL_ENABLE_DEBUG_INFO = NO;
				MTL_FAST_MATH = YES;
				SDKROOT = iphoneos;
				SWIFT_COMPILATION_MODE = wholemodule;
				SWIFT_OPTIMIZATION_LEVEL = "-O";
				VALIDATE_PRODUCT = YES;
			};
			name = Release;
		};
		D998FA74231D3C5000E24281 /* Debug */ = {
			isa = XCBuildConfiguration;
			buildSettings = {
				ASSETCATALOG_COMPILER_APPICON_NAME = AppIcon;
				CODE_SIGN_STYLE = Automatic;
				INFOPLIST_FILE = TheMovieApp/Info.plist;
				LD_RUNPATH_SEARCH_PATHS = (
					"$(inherited)",
					"@executable_path/Frameworks",
				);
				PRODUCT_BUNDLE_IDENTIFIER = com.TheMovieApp;
				PRODUCT_NAME = "$(TARGET_NAME)";
				SWIFT_VERSION = 5.0;
				TARGETED_DEVICE_FAMILY = "1,2";
			};
			name = Debug;
		};
		D998FA75231D3C5000E24281 /* Release */ = {
			isa = XCBuildConfiguration;
			buildSettings = {
				ASSETCATALOG_COMPILER_APPICON_NAME = AppIcon;
				CODE_SIGN_STYLE = Automatic;
				INFOPLIST_FILE = TheMovieApp/Info.plist;
				LD_RUNPATH_SEARCH_PATHS = (
					"$(inherited)",
					"@executable_path/Frameworks",
				);
				PRODUCT_BUNDLE_IDENTIFIER = com.TheMovieApp;
				PRODUCT_NAME = "$(TARGET_NAME)";
				SWIFT_VERSION = 5.0;
				TARGETED_DEVICE_FAMILY = "1,2";
			};
			name = Release;
		};
/* End XCBuildConfiguration section */

/* Begin XCConfigurationList section */
		D998FA5C231D3C4F00E24281 /* Build configuration list for PBXProject "TheMovieApp" */ = {
			isa = XCConfigurationList;
			buildConfigurations = (
				D998FA71231D3C5000E24281 /* Debug */,
				D998FA72231D3C5000E24281 /* Release */,
			);
			defaultConfigurationIsVisible = 0;
			defaultConfigurationName = Release;
		};
		D998FA73231D3C5000E24281 /* Build configuration list for PBXNativeTarget "TheMovieApp" */ = {
			isa = XCConfigurationList;
			buildConfigurations = (
				D998FA74231D3C5000E24281 /* Debug */,
				D998FA75231D3C5000E24281 /* Release */,
			);
			defaultConfigurationIsVisible = 0;
			defaultConfigurationName = Release;
		};
/* End XCConfigurationList section */
	};
	rootObject = D998FA59231D3C4F00E24281 /* Project object */;
}
